
Microsoft Visual Studio Solution File, Format Version 12.00
# Visual Studio Version 17
VisualStudioVersion = 17.11.35312.102
MinimumVisualStudioVersion = 10.0.40219.1
Project("{888888A0-9F3D-457C-B088-3A5042F75D52}") = "deep_cfr_poker", "deep_cfr_poker.pyproj", "{A18A52A8-9237-47FF-87FC-1B276112A0E5}"
EndProject
Global
	GlobalSection(SolutionConfigurationPlatforms) = preSolution
		Debug|Any CPU = Debug|Any CPU
		Release|Any CPU = Release|Any CPU
	EndGlobalSection
	GlobalSection(ProjectConfigurationPlatforms) = postSolution
		{A18A52A8-9237-47FF-87FC-1B276112A0E5}.Debug|Any CPU.ActiveCfg = Debug|Any CPU
		{A18A52A8-9237-47FF-87FC-1B276112A0E5}.Release|Any CPU.ActiveCfg = Release|Any CPU
	EndGlobalSection
	GlobalSection(SolutionProperties) = preSolution
		HideSolutionNode = FALSE
	EndGlobalSection
	GlobalSection(ExtensibilityGlobals) = postSolution
		SolutionGuid = {C9F7CF8C-EC70-475C-801C-998B4F51A0BA}
	EndGlobalSection
EndGlobal
